<?xml version="1.0" encoding="utf-8"?>
<Project ToolsVersion="4.0" xmlns="http://schemas.microsoft.com/developer/msbuild/2003">
  <ItemGroup>
    <Filter Include="Source Files">
      <UniqueIdentifier>{4FC737F1-C7A5-4376-A066-2A32D752A2FF}</UniqueIdentifier>
      <Extensions>cpp;c;cc;cxx;c++;cppm;ixx;def;odl;idl;hpj;bat;asm;asmx</Extensions>
    </Filter>
    <Filter Include="Header Files">
      <UniqueIdentifier>{93995380-89BD-4b04-88EB-625FBE52EBFB}</UniqueIdentifier>
      <Extensions>h;hh;hpp;hxx;h++;hm;inl;inc;ipp;xsd</Extensions>
    </Filter>
    <Filter Include="Resource Files">
      <UniqueIdentifier>{67DA6AB6-F800-4c08-8B7A-83BB121AAD01}</UniqueIdentifier>
      <Extensions>rc;ico;cur;bmp;dlg;rc2;rct;bin;rgs;gif;jpg;jpeg;jpe;resx;tiff;tif;png;wav;mfcribbon-ms</Extensions>
    </Filter>
  </ItemGroup>
  <ItemGroup>
    <ClCompile Include="src\pch\so2pch.cpp">
      <Filter>Source Files</Filter>
    </ClCompile>
    <ClCompile Include="src\bolsa.cpp">
      <Filter>Source Files</Filter>
    </ClCompile>
    <ClCompile Include="src\ServerData\App\App.cpp">
      <Filter>Source Files</Filter>
    </ClCompile>
    <ClCompile Include="src\ServerData\App\fsm\AppStateAdapter.cpp">
      <Filter>Source Files</Filter>
    </ClCompile>
    <ClCompile Include="src\ServerData\App\fsm\AppContext.cpp">
      <Filter>Source Files</Filter>
    </ClCompile>
    <ClCompile Include="src\ServerData\App\fsm\states\AppLoadingState.cpp">
      <Filter>Source Files</Filter>
    </ClCompile>
    <ClCompile Include="src\ServerData\App\fsm\states\AppRunningState.cpp">
      <Filter>Source Files</Filter>
    </ClCompile>
    <ClCompile Include="src\ServerData\App\fsm\states\AppPausedState.cpp">
      <Filter>Source Files</Filter>
    </ClCompile>
    <ClCompile Include="src\ServerData\User\User.cpp">
      <Filter>Source Files</Filter>
    </ClCompile>
    <ClCompile Include="src\ServerData\Company\Company.cpp">
      <Filter>Source Files</Filter>
    </ClCompile>
    <ClCompile Include="src\ServerData\Wallet\Wallet.cpp">
      <Filter>Source Files</Filter>
    </ClCompile>
    <ClCompile Include="src\ServerData\Request\Request.cpp">
      <Filter>Source Files</Filter>
    </ClCompile>
    <ClCompile Include="src\ui\AppUI.cpp">
      <Filter>Source Files</Filter>
    </ClCompile>
    <ClCompile Include="src\commands\Command.cpp">
      <Filter>Source Files</Filter>
    </ClCompile>
  </ItemGroup>
  <ItemGroup>
    <ClInclude Include="src\ServerData\ServerData.h">
      <Filter>Header Files</Filter>
    </ClInclude>
    <ClInclude Include="src\ServerData\App\App.h">
      <Filter>Header Files</Filter>
    </ClInclude>
    <ClInclude Include="src\ServerData\App\fsm\states\IAppState.h">
      <Filter>Header Files</Filter>
    </ClInclude>
    <ClInclude Include="src\ServerData\App\fsm\AppContext.h">
      <Filter>Header Files</Filter>
    </ClInclude>
    <ClInclude Include="src\ServerData\App\fsm\AppState.h">
      <Filter>Header Files</Filter>
    </ClInclude>
    <ClInclude Include="src\ServerData\App\fsm\AppStateAdapter.h">
      <Filter>Header Files</Filter>
    </ClInclude>
    <ClInclude Include="src\ServerData\App\fsm\states\AppLoadingState.h">
      <Filter>Header Files</Filter>
    </ClInclude>
    <ClInclude Include="src\ServerData\App\fsm\states\AppRunningState.h">
      <Filter>Header Files</Filter>
    </ClInclude>
    <ClInclude Include="src\ServerData\App\fsm\states\AppPausedState.h">
      <Filter>Header Files</Filter>
    </ClInclude>
    <ClInclude Include="src\ServerData\User\User.h">
      <Filter>Header Files</Filter>
    </ClInclude>
    <ClInclude Include="src\ServerData\Company\Company.h">
      <Filter>Header Files</Filter>
    </ClInclude>
    <ClInclude Include="src\ServerData\Wallet\Wallet.h">
      <Filter>Header Files</Filter>
    </ClInclude>
    <ClInclude Include="src\ServerData\Request\Request.h">
      <Filter>Header Files</Filter>
    </ClInclude>
    <ClInclude Include="src\ui\AppUI.h">
      <Filter>Header Files</Filter>
    </ClInclude>
    <ClInclude Include="src\commands\Command.h">
      <Filter>Header Files</Filter>
    </ClInclude>
    <ClInclude Include="src\commands\Commands.h">
      <Filter>Header Files</Filter>
    </ClInclude>
    <ClInclude Include="src\commands\clientes\CmdAddC.h">
      <Filter>Header Files</Filter>
    </ClInclude>
    <ClInclude Include="src\commands\clientes\CmdListC.h">
      <Filter>Header Files</Filter>
    </ClInclude>
    <ClInclude Include="src\commands\clientes\CmdStock.h">
      <Filter>Header Files</Filter>
    </ClInclude>
    <ClInclude Include="src\commands\clientes\CmdUsers.h">
      <Filter>Header Files</Filter>
    </ClInclude>
    <ClInclude Include="src\commands\clientes\CmdPause.h">
      <Filter>Header Files</Filter>
    </ClInclude>
    <ClInclude Include="src\commands\clientes\CmdClose.h">
      <Filter>Header Files</Filter>
    </ClInclude>
    <ClInclude Include="src\commands\bolsa\CmdLogin.h">
      <Filter>Header Files</Filter>
    </ClInclude>
    <ClInclude Include="src\commands\bolsa\CmdListC.h">
      <Filter>Header Files</Filter>
    </ClInclude>
    <ClInclude Include="src\commands\bolsa\CmdBuy.h">
      <Filter>Header Files</Filter>
    </ClInclude>
    <ClInclude Include="src\commands\bolsa\CmdSell.h">
      <Filter>Header Files</Filter>
    </ClInclude>
    <ClInclude Include="src\commands\bolsa\CmdBalance.h">
      <Filter>Header Files</Filter>
    </ClInclude>
    <ClInclude Include="src\commands\bolsa\CmdExit.h">
      <Filter>Header Files</Filter>
    </ClInclude>
  </ItemGroup>
</Project>